{
  "nodes": {
    "cclib": {
      "inputs": {
        "flake-utils": "flake-utils",
        "nixpkgs": [
          "nixpkgs-qchem"
        ],
        "qchem": [
          "nixos-qchem"
        ]
      },
      "locked": {
        "lastModified": 1786919133,
        "narHash": "sha256-WI8ClqtHdUejSJuzk1SPKDS3myLDl4IZxVdaKK2z5L8=",
        "owner": "cclib",
        "repo": "cclib",
        "rev": "545fa9bdd25af7b6e70d3323d4156791dd54a440",
        "type": "github"
      },
      "original": {
        "owner": "cclib",
        "ref": "release-1.9",
        "repo": "cclib",
        "type": "github"
      }
    },
    "flake-compat": {
      "flake": false,
      "locked": {
        "lastModified": 1767039857,
        "narHash": "sha256-vNpUSpF5Nuw8xvDLj2KCwwksIbjua2LZCqhV1LNRDns=",
        "owner": "NixOS",
        "repo": "flake-compat",
        "rev": "5edf11c44bc78a0d334f6334cdaf7d60d732daab",
        "type": "github"
      },
      "original": {
        "owner": "NixOS",
        "repo": "flake-compat",
        "type": "github"
      }
    },
    "flake-parts": {
      "inputs": {
        "nixpkgs-lib": "nixpkgs-lib"
      },
      "locked": {
        "lastModified": 1788450739,
        "narHash": "sha256-glZLQlzIn1fXH6PazR2iUmTo7kzzyYSshrWhLS9TqCU=",
        "owner": "hercules-ci",
        "repo": "flake-parts",
        "rev": "31729ca8cbdb4fa927b34e5f4353e6a83f39e993",
        "type": "github"
      },
      "original": {
        "owner": "hercules-ci",
        "repo": "flake-parts",
        "type": "github"
      }
    },
    "flake-utils": {
      "inputs": {
        "systems": "systems"
      },
      "locked": {
        "lastModified": 1731533236,
        "narHash": "sha256-l0KFg5HjrsfsO/JpG+r7fRrqm12kzFHyUHqHCVpMMbI=",
        "owner": "numtide",
        "repo": "flake-utils",
        "rev": "11707dc2f618dd54ca8739b309ec4fc024de578b",
        "type": "github"
      },
      "original": {
        "owner": "numtide",
        "repo": "flake-utils",
        "type": "github"
      }
    },
    "git-hooks": {
      "inputs": {
        "flake-compat": "flake-compat",
        "nixpkgs": [
          "nixpkgs"
        ]
      },
      "locked": {
        "lastModified": 1788267358,
        "narHash": "sha256-nt+lUqYVpc9Y6JeMd2WmXzCDojasdadKo0mWcluvY2Y=",
        "owner": "cachix",
        "repo": "git-hooks.nix",
        "rev": "27555e2624241fb116b49095df4caaee85a25691",
        "type": "github"
      },
      "original": {
        "owner": "cachix",
        "repo": "git-hooks.nix",
        "type": "github"
      }
    },
    "nixos-qchem": {
      "inputs": {
        "nixpkgs": [
          "nixpkgs"
        ]
      },
      "locked": {
        "lastModified": 1788770639,
        "narHash": "sha256-55ULjxM5V2apsFFwoAkif+EvZtHw/7n5ydQTFcBOXfE=",
        "owner": "Nix-QChem",
        "repo": "NixOS-QChem",
        "rev": "a936c64cc5b8b1175b39a975eba135a21d828588",
        "type": "github"
      },
      "original": {
        "owner": "Nix-QChem",
        "repo": "NixOS-QChem",
        "type": "github"
      }
    },
    "nixpkgs": {
      "locked": {
        "lastModified": 1788746152,
        "narHash": "sha256-RaKngusl5I8pNi8RfrVvsHq3NZe7eFWzDlb01+hEVqY=",
        "owner": "NixOS",
        "repo": "nixpkgs",
        "rev": "42f17a57f4f6e33b3de3dca0a2a5ea5233169d02",
        "type": "github"
      },
      "original": {
        "owner": "NixOS",
        "ref": "nixpkgs-unstable",
        "repo": "nixpkgs",
        "type": "github"
      }
    },
    "nixpkgs-lib": {
      "locked": {
        "lastModified": 1788057806,
        "narHash": "sha256-DTQSMxzDWmT0zhguthvegnVkn7CFqGCv4IHCzk5ZUpM=",
        "owner": "nix-community",
        "repo": "nixpkgs.lib",
        "rev": "596e2e3940e09b2abbeb03f75fa1828c57fcd72c",
        "type": "github"
      },
      "original": {
        "owner": "nix-community",
        "repo": "nixpkgs.lib",
        "type": "github"
      }
    },
    "nixpkgs-qchem": {
      "locked": {
        "lastModified": 1787631388,
        "narHash": "sha256-vMiXptXarfSdJb1Gkc+FYVOAibuBRj7qxGa8z68q1Uw=",
        "owner": "NixOS",
        "repo": "nixpkgs",
        "rev": "ac6b2166e7a9375683b8e98f860f273222337b16",
        "type": "github"
      },
      "original": {
        "owner": "NixOS",
        "repo": "nixpkgs",
        "rev": "ac6b2166e7a9375683b8e98f860f273222337b16",
        "type": "github"
      }
    },
    "root": {
      "inputs": {
        "cclib": "cclib",
        "flake-parts": "flake-parts",
        "git-hooks": "git-hooks",
        "nixos-qchem": "nixos-qchem",
        "nixpkgs": "nixpkgs",
        "nixpkgs-qchem": "nixpkgs-qchem",
        "systems": "systems_2"
      }
    },
    "systems": {
      "locked": {
        "lastModified": 1681028828,
        "narHash": "sha256-Vy1rq5AaRuLzOxct8nz4T6wlgyUR7zLU309k9mBC768=",
        "owner": "nix-systems",
        "repo": "default",
        "rev": "da67096a3b9bf56a91d16901293e51ba5b49a27e",
        "type": "github"
      },
      "original": {
        "owner": "nix-systems",
        "repo": "default",
        "type": "github"
      }
    },
    "systems_2": {
      "locked": {
        "lastModified": 1681028828,
        "narHash": "sha256-Vy1rq5AaRuLzOxct8nz4T6wlgyUR7zLU309k9mBC768=",
        "owner": "nix-systems",
        "repo": "default",
        "rev": "da67096a3b9bf56a91d16901293e51ba5b49a27e",
        "type": "github"
      },
      "original": {
        "owner": "nix-systems",
        "repo": "default",
        "type": "github"
      }
    }
  },
  "root": "root",
  "version": 7
}
