{
  "nodes": {
    "nixos-qchem": {
      "inputs": {
        "nixpkgs": [
          "nixpkgs"
        ]
      },
      "locked": {
        "lastModified": 1781788737,
        "narHash": "sha256-7qSJ3xEJfdvwMm026XGhM3rRIvOXProqAOcKI3AaVoA=",
        "owner": "Nix-QChem",
        "repo": "NixOS-QChem",
        "rev": "faad404d8612268b0f341eaab916d35829b290a5",
        "type": "github"
      },
      "original": {
        "owner": "Nix-QChem",
        "repo": "NixOS-QChem",
        "type": "github"
      }
    },
    "nixpkgs": {
      "locked": {
        "lastModified": 1776949667,
        "narHash": "sha256-GMSVw35Q+294GlrTUKlx087E31z7KurReQ1YHSKp5iw=",
        "owner": "NixOS",
        "repo": "nixpkgs",
        "rev": "01fbdeef22b76df85ea168fbfe1bfd9e63681b30",
        "type": "github"
      },
      "original": {
        "owner": "NixOS",
        "ref": "nixpkgs-unstable",
        "repo": "nixpkgs",
        "type": "github"
      }
    },
    "nixpkgs-qchem": {
      "locked": {
        "lastModified": 1781607440,
        "narHash": "sha256-rxO+uc/KFbSJp+pgyXRuAX6QlG9hJdnt0BXpEQRXY+U=",
        "owner": "NixOS",
        "repo": "nixpkgs",
        "rev": "3e41b24abd260e8f71dbe2f5737d24122f972158",
        "type": "github"
      },
      "original": {
        "owner": "NixOS",
        "repo": "nixpkgs",
        "rev": "3e41b24abd260e8f71dbe2f5737d24122f972158",
        "type": "github"
      }
    },
    "root": {
      "inputs": {
        "nixos-qchem": "nixos-qchem",
        "nixpkgs": "nixpkgs",
        "nixpkgs-qchem": "nixpkgs-qchem"
      }
    }
  },
  "root": "root",
  "version": 7
}
